// !$*UTF8*$!
{
	archiveVersion = 1;
	classes = {
	};
	objectVersion = 46;
	objects = {

/* Begin PBXBuildFile section */
		CF0375F71949D9FE00D50843 /* UIImage+AgentAdjust.m in Sources */ = {isa = PBXBuildFile; fileRef = CF0375F61949D9FE00D50843 /* UIImage+AgentAdjust.m */; };
		CF0E00C619504D9B006A6873 /* Domain.m in Sources */ = {isa = PBXBuildFile; fileRef = CF0E00C519504D9B006A6873 /* Domain.m */; };
		CF148BCD194480DE00CA094C /* Agent+Model.m in Sources */ = {isa = PBXBuildFile; fileRef = CF148BCC194480DE00CA094C /* Agent+Model.m */; };
		CF1EF2EB1949FF7B009D2E99 /* JOFImageMapper.m in Sources */ = {isa = PBXBuildFile; fileRef = CF1EF2EA1949FF7B009D2E99 /* JOFImageMapper.m */; };
		CF2188E4194F0B13003105D2 /* FreakType+Model.m in Sources */ = {isa = PBXBuildFile; fileRef = CF2188E3194F0B13003105D2 /* FreakType+Model.m */; };
		CF2188E7194F0B29003105D2 /* Domain+Model.m in Sources */ = {isa = PBXBuildFile; fileRef = CF2188E6194F0B29003105D2 /* Domain+Model.m */; };
		CF2210FF194EE35F000B30A9 /* FreakType.m in Sources */ = {isa = PBXBuildFile; fileRef = CF2210FE194EE35F000B30A9 /* FreakType.m */; };
		CF2744D8193BDE160057C795 /* Foundation.framework in Frameworks */ = {isa = PBXBuildFile; fileRef = CF2744D7193BDE160057C795 /* Foundation.framework */; };
		CF2744DA193BDE160057C795 /* CoreGraphics.framework in Frameworks */ = {isa = PBXBuildFile; fileRef = CF2744D9193BDE160057C795 /* CoreGraphics.framework */; };
		CF2744DC193BDE160057C795 /* UIKit.framework in Frameworks */ = {isa = PBXBuildFile; fileRef = CF2744DB193BDE160057C795 /* UIKit.framework */; };
		CF2744DE193BDE160057C795 /* CoreData.framework in Frameworks */ = {isa = PBXBuildFile; fileRef = CF2744DD193BDE160057C795 /* CoreData.framework */; };
		CF2744E4193BDE160057C795 /* InfoPlist.strings in Resources */ = {isa = PBXBuildFile; fileRef = CF2744E2193BDE160057C795 /* InfoPlist.strings */; };
		CF2744E6193BDE160057C795 /* main.m in Sources */ = {isa = PBXBuildFile; fileRef = CF2744E5193BDE160057C795 /* main.m */; };
		CF2744EA193BDE160057C795 /* JOFAppDelegate.m in Sources */ = {isa = PBXBuildFile; fileRef = CF2744E9193BDE160057C795 /* JOFAppDelegate.m */; };
		CF2744ED193BDE160057C795 /* Main.storyboard in Resources */ = {isa = PBXBuildFile; fileRef = CF2744EB193BDE160057C795 /* Main.storyboard */; };
		CF2744F0193BDE160057C795 /* Malometer.xcdatamodeld in Sources */ = {isa = PBXBuildFile; fileRef = CF2744EE193BDE160057C795 /* Malometer.xcdatamodeld */; };
		CF2744F3193BDE160057C795 /* JOFAgentsViewController.m in Sources */ = {isa = PBXBuildFile; fileRef = CF2744F2193BDE160057C795 /* JOFAgentsViewController.m */; };
		CF2744F6193BDE160057C795 /* JOFAgentEditViewController.m in Sources */ = {isa = PBXBuildFile; fileRef = CF2744F5193BDE160057C795 /* JOFAgentEditViewController.m */; };
		CF2744F8193BDE160057C795 /* Images.xcassets in Resources */ = {isa = PBXBuildFile; fileRef = CF2744F7193BDE160057C795 /* Images.xcassets */; };
		CF2744FF193BDE160057C795 /* XCTest.framework in Frameworks */ = {isa = PBXBuildFile; fileRef = CF2744FE193BDE160057C795 /* XCTest.framework */; };
		CF274500193BDE160057C795 /* Foundation.framework in Frameworks */ = {isa = PBXBuildFile; fileRef = CF2744D7193BDE160057C795 /* Foundation.framework */; };
		CF274501193BDE160057C795 /* UIKit.framework in Frameworks */ = {isa = PBXBuildFile; fileRef = CF2744DB193BDE160057C795 /* UIKit.framework */; };
		CF274502193BDE160057C795 /* CoreData.framework in Frameworks */ = {isa = PBXBuildFile; fileRef = CF2744DD193BDE160057C795 /* CoreData.framework */; };
		CF27450A193BDE160057C795 /* InfoPlist.strings in Resources */ = {isa = PBXBuildFile; fileRef = CF274508193BDE160057C795 /* InfoPlist.strings */; };
		CF622143195C93AC002A6402 /* JOFAppDelegateTests.m in Sources */ = {isa = PBXBuildFile; fileRef = CF622142195C93AC002A6402 /* JOFAppDelegateTests.m */; };
		CF96385A19605F0900D330BE /* Power.m in Sources */ = {isa = PBXBuildFile; fileRef = CF96385919605F0900D330BE /* Power.m */; };
		CF96386019605F2C00D330BE /* Power+Model.m in Sources */ = {isa = PBXBuildFile; fileRef = CF96385F19605F2C00D330BE /* Power+Model.m */; };
		CF963866196061B800D330BE /* Agent.m in Sources */ = {isa = PBXBuildFile; fileRef = CF963865196061B800D330BE /* Agent.m */; };
		CF963868196062CB00D330BE /* Map1To2.xcmappingmodel in Sources */ = {isa = PBXBuildFile; fileRef = CF963867196062CB00D330BE /* Map1To2.xcmappingmodel */; };
		CF96386B1960636100D330BE /* JOFAgentToAgentMigrationPolicy.m in Sources */ = {isa = PBXBuildFile; fileRef = CF96386A1960636100D330BE /* JOFAgentToAgentMigrationPolicy.m */; };
		CFB42E8F195CCB6100BB3A4E /* AgentTests.m in Sources */ = {isa = PBXBuildFile; fileRef = CFB42E8E195CCB6100BB3A4E /* AgentTests.m */; };
		CFB42E90195CCC7200BB3A4E /* Malometer.xcdatamodeld in Sources */ = {isa = PBXBuildFile; fileRef = CF2744EE193BDE160057C795 /* Malometer.xcdatamodeld */; };
/* End PBXBuildFile section */

/* Begin PBXContainerItemProxy section */
		CF274503193BDE160057C795 /* PBXContainerItemProxy */ = {
			isa = PBXContainerItemProxy;
			containerPortal = CF2744CC193BDE160057C795 /* Project object */;
			proxyType = 1;
			remoteGlobalIDString = CF2744D3193BDE160057C795;
			remoteInfo = Malometer;
		};
/* End PBXContainerItemProxy section */

/* Begin PBXFileReference section */
		CF0375F51949D9FE00D50843 /* UIImage+AgentAdjust.h */ = {isa = PBXFileReference; fileEncoding = 4; lastKnownFileType = sourcecode.c.h; path = "UIImage+AgentAdjust.h"; sourceTree = "<group>"; };
		CF0375F61949D9FE00D50843 /* UIImage+AgentAdjust.m */ = {isa = PBXFileReference; fileEncoding = 4; lastKnownFileType = sourcecode.c.objc; path = "UIImage+AgentAdjust.m"; sourceTree = "<group>"; };
		CF0E00C419504D9B006A6873 /* Domain.h */ = {isa = PBXFileReference; fileEncoding = 4; lastKnownFileType = sourcecode.c.h; path = Domain.h; sourceTree = "<group>"; };
		CF0E00C519504D9B006A6873 /* Domain.m */ = {isa = PBXFileReference; fileEncoding = 4; lastKnownFileType = sourcecode.c.objc; path = Domain.m; sourceTree = "<group>"; };
		CF148BCB194480DE00CA094C /* Agent+Model.h */ = {isa = PBXFileReference; fileEncoding = 4; lastKnownFileType = sourcecode.c.h; path = "Agent+Model.h"; sourceTree = "<group>"; };
		CF148BCC194480DE00CA094C /* Agent+Model.m */ = {isa = PBXFileReference; fileEncoding = 4; lastKnownFileType = sourcecode.c.objc; path = "Agent+Model.m"; sourceTree = "<group>"; };
		CF1EF2E91949FF7B009D2E99 /* JOFImageMapper.h */ = {isa = PBXFileReference; fileEncoding = 4; lastKnownFileType = sourcecode.c.h; path = JOFImageMapper.h; sourceTree = "<group>"; };
		CF1EF2EA1949FF7B009D2E99 /* JOFImageMapper.m */ = {isa = PBXFileReference; fileEncoding = 4; lastKnownFileType = sourcecode.c.objc; path = JOFImageMapper.m; sourceTree = "<group>"; };
		CF2188E2194F0B13003105D2 /* FreakType+Model.h */ = {isa = PBXFileReference; fileEncoding = 4; lastKnownFileType = sourcecode.c.h; path = "FreakType+Model.h"; sourceTree = "<group>"; };
		CF2188E3194F0B13003105D2 /* FreakType+Model.m */ = {isa = PBXFileReference; fileEncoding = 4; lastKnownFileType = sourcecode.c.objc; path = "FreakType+Model.m"; sourceTree = "<group>"; };
		CF2188E5194F0B29003105D2 /* Domain+Model.h */ = {isa = PBXFileReference; fileEncoding = 4; lastKnownFileType = sourcecode.c.h; path = "Domain+Model.h"; sourceTree = "<group>"; };
		CF2188E6194F0B29003105D2 /* Domain+Model.m */ = {isa = PBXFileReference; fileEncoding = 4; lastKnownFileType = sourcecode.c.objc; path = "Domain+Model.m"; sourceTree = "<group>"; };
		CF2210FD194EE35F000B30A9 /* FreakType.h */ = {isa = PBXFileReference; fileEncoding = 4; lastKnownFileType = sourcecode.c.h; path = FreakType.h; sourceTree = "<group>"; };
		CF2210FE194EE35F000B30A9 /* FreakType.m */ = {isa = PBXFileReference; fileEncoding = 4; lastKnownFileType = sourcecode.c.objc; path = FreakType.m; sourceTree = "<group>"; };
		CF2744D4193BDE160057C795 /* Malometer.app */ = {isa = PBXFileReference; explicitFileType = wrapper.application; includeInIndex = 0; path = Malometer.app; sourceTree = BUILT_PRODUCTS_DIR; };
		CF2744D7193BDE160057C795 /* Foundation.framework */ = {isa = PBXFileReference; lastKnownFileType = wrapper.framework; name = Foundation.framework; path = System/Library/Frameworks/Foundation.framework; sourceTree = SDKROOT; };
		CF2744D9193BDE160057C795 /* CoreGraphics.framework */ = {isa = PBXFileReference; lastKnownFileType = wrapper.framework; name = CoreGraphics.framework; path = System/Library/Frameworks/CoreGraphics.framework; sourceTree = SDKROOT; };
		CF2744DB193BDE160057C795 /* UIKit.framework */ = {isa = PBXFileReference; lastKnownFileType = wrapper.framework; name = UIKit.framework; path = System/Library/Frameworks/UIKit.framework; sourceTree = SDKROOT; };
		CF2744DD193BDE160057C795 /* CoreData.framework */ = {isa = PBXFileReference; lastKnownFileType = wrapper.framework; name = CoreData.framework; path = System/Library/Frameworks/CoreData.framework; sourceTree = SDKROOT; };
		CF2744E1193BDE160057C795 /* Malometer-Info.plist */ = {isa = PBXFileReference; lastKnownFileType = text.plist.xml; path = "Malometer-Info.plist"; sourceTree = "<group>"; };
		CF2744E3193BDE160057C795 /* en */ = {isa = PBXFileReference; lastKnownFileType = text.plist.strings; name = en; path = en.lproj/InfoPlist.strings; sourceTree = "<group>"; };
		CF2744E5193BDE160057C795 /* main.m */ = {isa = PBXFileReference; lastKnownFileType = sourcecode.c.objc; path = main.m; sourceTree = "<group>"; };
		CF2744E7193BDE160057C795 /* Malometer-Prefix.pch */ = {isa = PBXFileReference; lastKnownFileType = sourcecode.c.h; path = "Malometer-Prefix.pch"; sourceTree = "<group>"; };
		CF2744E8193BDE160057C795 /* JOFAppDelegate.h */ = {isa = PBXFileReference; lastKnownFileType = sourcecode.c.h; path = JOFAppDelegate.h; sourceTree = "<group>"; };
		CF2744E9193BDE160057C795 /* JOFAppDelegate.m */ = {isa = PBXFileReference; lastKnownFileType = sourcecode.c.objc; path = JOFAppDelegate.m; sourceTree = "<group>"; };
		CF2744EC193BDE160057C795 /* Base */ = {isa = PBXFileReference; lastKnownFileType = file.storyboard; name = Base; path = Base.lproj/Main.storyboard; sourceTree = "<group>"; };
		CF2744EF193BDE160057C795 /* Malometer.xcdatamodel */ = {isa = PBXFileReference; lastKnownFileType = wrapper.xcdatamodel; path = Malometer.xcdatamodel; sourceTree = "<group>"; };
		CF2744F1193BDE160057C795 /* JOFAgentsViewController.h */ = {isa = PBXFileReference; lastKnownFileType = sourcecode.c.h; path = JOFAgentsViewController.h; sourceTree = "<group>"; };
		CF2744F2193BDE160057C795 /* JOFAgentsViewController.m */ = {isa = PBXFileReference; lastKnownFileType = sourcecode.c.objc; path = JOFAgentsViewController.m; sourceTree = "<group>"; };
		CF2744F4193BDE160057C795 /* JOFAgentEditViewController.h */ = {isa = PBXFileReference; lastKnownFileType = sourcecode.c.h; path = JOFAgentEditViewController.h; sourceTree = "<group>"; };
		CF2744F5193BDE160057C795 /* JOFAgentEditViewController.m */ = {isa = PBXFileReference; lastKnownFileType = sourcecode.c.objc; path = JOFAgentEditViewController.m; sourceTree = "<group>"; };
		CF2744F7193BDE160057C795 /* Images.xcassets */ = {isa = PBXFileReference; lastKnownFileType = folder.assetcatalog; path = Images.xcassets; sourceTree = "<group>"; };
		CF2744FD193BDE160057C795 /* MalometerTests.xctest */ = {isa = PBXFileReference; explicitFileType = wrapper.cfbundle; includeInIndex = 0; path = MalometerTests.xctest; sourceTree = BUILT_PRODUCTS_DIR; };
		CF2744FE193BDE160057C795 /* XCTest.framework */ = {isa = PBXFileReference; lastKnownFileType = wrapper.framework; name = XCTest.framework; path = Library/Frameworks/XCTest.framework; sourceTree = DEVELOPER_DIR; };
		CF274507193BDE160057C795 /* MalometerTests-Info.plist */ = {isa = PBXFileReference; lastKnownFileType = text.plist.xml; path = "MalometerTests-Info.plist"; sourceTree = "<group>"; };
		CF274509193BDE160057C795 /* en */ = {isa = PBXFileReference; lastKnownFileType = text.plist.strings; name = en; path = en.lproj/InfoPlist.strings; sourceTree = "<group>"; };
		CF2B2FCB196003C7009ECF91 /* Malometer 1.1.0.xcdatamodel */ = {isa = PBXFileReference; lastKnownFileType = wrapper.xcdatamodel; path = "Malometer 1.1.0.xcdatamodel"; sourceTree = "<group>"; };
		CF4FE4F1193C5C3700E77955 /* JOFAgentEditViewControllerDelegate.h */ = {isa = PBXFileReference; lastKnownFileType = sourcecode.c.h; path = JOFAgentEditViewControllerDelegate.h; sourceTree = "<group>"; };
		CF622142195C93AC002A6402 /* JOFAppDelegateTests.m */ = {isa = PBXFileReference; fileEncoding = 4; lastKnownFileType = sourcecode.c.objc; path = JOFAppDelegateTests.m; sourceTree = "<group>"; };
		CF96385719605DD500D330BE /* Malometer2.xcdatamodel */ = {isa = PBXFileReference; lastKnownFileType = wrapper.xcdatamodel; path = Malometer2.xcdatamodel; sourceTree = "<group>"; };
		CF96385819605F0900D330BE /* Power.h */ = {isa = PBXFileReference; fileEncoding = 4; lastKnownFileType = sourcecode.c.h; path = Power.h; sourceTree = "<group>"; };
		CF96385919605F0900D330BE /* Power.m */ = {isa = PBXFileReference; fileEncoding = 4; lastKnownFileType = sourcecode.c.objc; path = Power.m; sourceTree = "<group>"; };
		CF96385E19605F2C00D330BE /* Power+Model.h */ = {isa = PBXFileReference; fileEncoding = 4; lastKnownFileType = sourcecode.c.h; path = "Power+Model.h"; sourceTree = "<group>"; };
		CF96385F19605F2C00D330BE /* Power+Model.m */ = {isa = PBXFileReference; fileEncoding = 4; lastKnownFileType = sourcecode.c.objc; path = "Power+Model.m"; sourceTree = "<group>"; };
		CF963864196061B800D330BE /* Agent.h */ = {isa = PBXFileReference; fileEncoding = 4; lastKnownFileType = sourcecode.c.h; path = Agent.h; sourceTree = "<group>"; };
		CF963865196061B800D330BE /* Agent.m */ = {isa = PBXFileReference; fileEncoding = 4; lastKnownFileType = sourcecode.c.objc; path = Agent.m; sourceTree = "<group>"; };
		CF963867196062CB00D330BE /* Map1To2.xcmappingmodel */ = {isa = PBXFileReference; lastKnownFileType = wrapper.xcmappingmodel; path = Map1To2.xcmappingmodel; sourceTree = "<group>"; };
		CF9638691960636100D330BE /* JOFAgentToAgentMigrationPolicy.h */ = {isa = PBXFileReference; fileEncoding = 4; lastKnownFileType = sourcecode.c.h; path = JOFAgentToAgentMigrationPolicy.h; sourceTree = "<group>"; };
		CF96386A1960636100D330BE /* JOFAgentToAgentMigrationPolicy.m */ = {isa = PBXFileReference; fileEncoding = 4; lastKnownFileType = sourcecode.c.objc; path = JOFAgentToAgentMigrationPolicy.m; sourceTree = "<group>"; };
		CFB42E8E195CCB6100BB3A4E /* AgentTests.m */ = {isa = PBXFileReference; fileEncoding = 4; lastKnownFileType = sourcecode.c.objc; path = AgentTests.m; sourceTree = "<group>"; };
/* End PBXFileReference section */

/* Begin PBXFrameworksBuildPhase section */
		CF2744D1193BDE160057C795 /* Frameworks */ = {
			isa = PBXFrameworksBuildPhase;
			buildActionMask = 2147483647;
			files = (
				CF2744DA193BDE160057C795 /* CoreGraphics.framework in Frameworks */,
				CF2744DE193BDE160057C795 /* CoreData.framework in Frameworks */,
				CF2744DC193BDE160057C795 /* UIKit.framework in Frameworks */,
				CF2744D8193BDE160057C795 /* Foundation.framework in Frameworks */,
			);
			runOnlyForDeploymentPostprocessing = 0;
		};
		CF2744FA193BDE160057C795 /* Frameworks */ = {
			isa = PBXFrameworksBuildPhase;
			buildActionMask = 2147483647;
			files = (
				CF2744FF193BDE160057C795 /* XCTest.framework in Frameworks */,
				CF274502193BDE160057C795 /* CoreData.framework in Frameworks */,
				CF274501193BDE160057C795 /* UIKit.framework in Frameworks */,
				CF274500193BDE160057C795 /* Foundation.framework in Frameworks */,
			);
			runOnlyForDeploymentPostprocessing = 0;
		};
/* End PBXFrameworksBuildPhase section */

/* Begin PBXGroup section */
		CF0375F41949D95200D50843 /* Auxiliary */ = {
			isa = PBXGroup;
			children = (
				CF0375F51949D9FE00D50843 /* UIImage+AgentAdjust.h */,
				CF0375F61949D9FE00D50843 /* UIImage+AgentAdjust.m */,
				CF1EF2E91949FF7B009D2E99 /* JOFImageMapper.h */,
				CF1EF2EA1949FF7B009D2E99 /* JOFImageMapper.m */,
			);
			name = Auxiliary;
			sourceTree = "<group>";
		};
		CF10A5D7194A0FAA008DE59E /* Model */ = {
			isa = PBXGroup;
			children = (
				CF963864196061B800D330BE /* Agent.h */,
				CF963865196061B800D330BE /* Agent.m */,
				CF148BCB194480DE00CA094C /* Agent+Model.h */,
				CF148BCC194480DE00CA094C /* Agent+Model.m */,
				CF2210FD194EE35F000B30A9 /* FreakType.h */,
				CF2210FE194EE35F000B30A9 /* FreakType.m */,
				CF2188E2194F0B13003105D2 /* FreakType+Model.h */,
				CF2188E3194F0B13003105D2 /* FreakType+Model.m */,
				CF0E00C419504D9B006A6873 /* Domain.h */,
				CF0E00C519504D9B006A6873 /* Domain.m */,
				CF2188E5194F0B29003105D2 /* Domain+Model.h */,
				CF2188E6194F0B29003105D2 /* Domain+Model.m */,
				CF96385819605F0900D330BE /* Power.h */,
				CF96385919605F0900D330BE /* Power.m */,
				CF96385E19605F2C00D330BE /* Power+Model.h */,
				CF96385F19605F2C00D330BE /* Power+Model.m */,
				CF2744EE193BDE160057C795 /* Malometer.xcdatamodeld */,
				CF963867196062CB00D330BE /* Map1To2.xcmappingmodel */,
				CF9638691960636100D330BE /* JOFAgentToAgentMigrationPolicy.h */,
				CF96386A1960636100D330BE /* JOFAgentToAgentMigrationPolicy.m */,
			);
			name = Model;
			sourceTree = "<group>";
		};
		CF10A5D8194A0FC8008DE59E /* View Controllers */ = {
			isa = PBXGroup;
			children = (
				CF2744E8193BDE160057C795 /* JOFAppDelegate.h */,
				CF2744E9193BDE160057C795 /* JOFAppDelegate.m */,
				CF2744F1193BDE160057C795 /* JOFAgentsViewController.h */,
				CF2744F2193BDE160057C795 /* JOFAgentsViewController.m */,
				CF2744F4193BDE160057C795 /* JOFAgentEditViewController.h */,
				CF2744F5193BDE160057C795 /* JOFAgentEditViewController.m */,
			);
			name = "View Controllers";
			sourceTree = "<group>";
		};
		CF10A5D9194A0FE7008DE59E /* View */ = {
			isa = PBXGroup;
			children = (
				CF2744EB193BDE160057C795 /* Main.storyboard */,
			);
			name = View;
			sourceTree = "<group>";
		};
		CF10A5DA194A1006008DE59E /* Protocols */ = {
			isa = PBXGroup;
			children = (
				CF4FE4F1193C5C3700E77955 /* JOFAgentEditViewControllerDelegate.h */,
			);
			name = Protocols;
			sourceTree = "<group>";
		};
		CF2744CB193BDE160057C795 = {
			isa = PBXGroup;
			children = (
				CF2744DF193BDE160057C795 /* Malometer */,
				CF274505193BDE160057C795 /* MalometerTests */,
				CF2744D6193BDE160057C795 /* Frameworks */,
				CF2744D5193BDE160057C795 /* Products */,
			);
			sourceTree = "<group>";
		};
		CF2744D5193BDE160057C795 /* Products */ = {
			isa = PBXGroup;
			children = (
				CF2744D4193BDE160057C795 /* Malometer.app */,
				CF2744FD193BDE160057C795 /* MalometerTests.xctest */,
			);
			name = Products;
			sourceTree = "<group>";
		};
		CF2744D6193BDE160057C795 /* Frameworks */ = {
			isa = PBXGroup;
			children = (
				CF2744D7193BDE160057C795 /* Foundation.framework */,
				CF2744D9193BDE160057C795 /* CoreGraphics.framework */,
				CF2744DB193BDE160057C795 /* UIKit.framework */,
				CF2744DD193BDE160057C795 /* CoreData.framework */,
				CF2744FE193BDE160057C795 /* XCTest.framework */,
			);
			name = Frameworks;
			sourceTree = "<group>";
		};
		CF2744DF193BDE160057C795 /* Malometer */ = {
			isa = PBXGroup;
			children = (
				CF10A5D7194A0FAA008DE59E /* Model */,
				CF10A5D8194A0FC8008DE59E /* View Controllers */,
				CF10A5D9194A0FE7008DE59E /* View */,
				CF10A5DA194A1006008DE59E /* Protocols */,
				CF0375F41949D95200D50843 /* Auxiliary */,
				CF2744F7193BDE160057C795 /* Images.xcassets */,
				CF2744E0193BDE160057C795 /* Supporting Files */,
			);
			path = Malometer;
			sourceTree = "<group>";
		};
		CF2744E0193BDE160057C795 /* Supporting Files */ = {
			isa = PBXGroup;
			children = (
				CF2744E1193BDE160057C795 /* Malometer-Info.plist */,
				CF2744E2193BDE160057C795 /* InfoPlist.strings */,
				CF2744E5193BDE160057C795 /* main.m */,
				CF2744E7193BDE160057C795 /* Malometer-Prefix.pch */,
			);
			name = "Supporting Files";
			sourceTree = "<group>";
		};
		CF274505193BDE160057C795 /* MalometerTests */ = {
			isa = PBXGroup;
			children = (
				CFB42E8D195CCB0C00BB3A4E /* Model */,
				CF274506193BDE160057C795 /* Supporting Files */,
				CF622142195C93AC002A6402 /* JOFAppDelegateTests.m */,
			);
			path = MalometerTests;
			sourceTree = "<group>";
		};
		CF274506193BDE160057C795 /* Supporting Files */ = {
			isa = PBXGroup;
			children = (
				CF274507193BDE160057C795 /* MalometerTests-Info.plist */,
				CF274508193BDE160057C795 /* InfoPlist.strings */,
			);
			name = "Supporting Files";
			sourceTree = "<group>";
		};
		CFB42E8D195CCB0C00BB3A4E /* Model */ = {
			isa = PBXGroup;
			children = (
				CFB42E8E195CCB6100BB3A4E /* AgentTests.m */,
			);
			name = Model;
			sourceTree = "<group>";
		};
/* End PBXGroup section */

/* Begin PBXNativeTarget section */
		CF2744D3193BDE160057C795 /* Malometer */ = {
			isa = PBXNativeTarget;
			buildConfigurationList = CF27450F193BDE160057C795 /* Build configuration list for PBXNativeTarget "Malometer" */;
			buildPhases = (
				CF2744D0193BDE160057C795 /* Sources */,
				CF2744D1193BDE160057C795 /* Frameworks */,
				CF2744D2193BDE160057C795 /* Resources */,
			);
			buildRules = (
			);
			dependencies = (
			);
			name = Malometer;
			productName = Malometer;
			productReference = CF2744D4193BDE160057C795 /* Malometer.app */;
			productType = "com.apple.product-type.application";
		};
		CF2744FC193BDE160057C795 /* MalometerTests */ = {
			isa = PBXNativeTarget;
			buildConfigurationList = CF274512193BDE160057C795 /* Build configuration list for PBXNativeTarget "MalometerTests" */;
			buildPhases = (
				CF2744F9193BDE160057C795 /* Sources */,
				CF2744FA193BDE160057C795 /* Frameworks */,
				CF2744FB193BDE160057C795 /* Resources */,
			);
			buildRules = (
			);
			dependencies = (
				CF274504193BDE160057C795 /* PBXTargetDependency */,
			);
			name = MalometerTests;
			productName = MalometerTests;
			productReference = CF2744FD193BDE160057C795 /* MalometerTests.xctest */;
			productType = "com.apple.product-type.bundle.unit-test";
		};
/* End PBXNativeTarget section */

/* Begin PBXProject section */
		CF2744CC193BDE160057C795 /* Project object */ = {
			isa = PBXProject;
			attributes = {
				CLASSPREFIX = JOF;
				LastUpgradeCheck = 0510;
				ORGANIZATIONNAME = PoWWaU;
				TargetAttributes = {
					CF2744FC193BDE160057C795 = {
						TestTargetID = CF2744D3193BDE160057C795;
					};
				};
			};
			buildConfigurationList = CF2744CF193BDE160057C795 /* Build configuration list for PBXProject "Malometer" */;
			compatibilityVersion = "Xcode 3.2";
			developmentRegion = English;
			hasScannedForEncodings = 0;
			knownRegions = (
				en,
				Base,
			);
			mainGroup = CF2744CB193BDE160057C795;
			productRefGroup = CF2744D5193BDE160057C795 /* Products */;
			projectDirPath = "";
			projectRoot = "";
			targets = (
				CF2744D3193BDE160057C795 /* Malometer */,
				CF2744FC193BDE160057C795 /* MalometerTests */,
			);
		};
/* End PBXProject section */

/* Begin PBXResourcesBuildPhase section */
		CF2744D2193BDE160057C795 /* Resources */ = {
			isa = PBXResourcesBuildPhase;
			buildActionMask = 2147483647;
			files = (
				CF2744F8193BDE160057C795 /* Images.xcassets in Resources */,
				CF2744E4193BDE160057C795 /* InfoPlist.strings in Resources */,
				CF2744ED193BDE160057C795 /* Main.storyboard in Resources */,
			);
			runOnlyForDeploymentPostprocessing = 0;
		};
		CF2744FB193BDE160057C795 /* Resources */ = {
			isa = PBXResourcesBuildPhase;
			buildActionMask = 2147483647;
			files = (
				CF27450A193BDE160057C795 /* InfoPlist.strings in Resources */,
			);
			runOnlyForDeploymentPostprocessing = 0;
		};
/* End PBXResourcesBuildPhase section */

/* Begin PBXSourcesBuildPhase section */
		CF2744D0193BDE160057C795 /* Sources */ = {
			isa = PBXSourcesBuildPhase;
			buildActionMask = 2147483647;
			files = (
				CF963868196062CB00D330BE /* Map1To2.xcmappingmodel in Sources */,
				CF2744EA193BDE160057C795 /* JOFAppDelegate.m in Sources */,
				CF96386B1960636100D330BE /* JOFAgentToAgentMigrationPolicy.m in Sources */,
				CF96386019605F2C00D330BE /* Power+Model.m in Sources */,
				CF2744E6193BDE160057C795 /* main.m in Sources */,
				CF963866196061B800D330BE /* Agent.m in Sources */,
				CF96385A19605F0900D330BE /* Power.m in Sources */,
				CF148BCD194480DE00CA094C /* Agent+Model.m in Sources */,
				CF2188E4194F0B13003105D2 /* FreakType+Model.m in Sources */,
				CF0E00C619504D9B006A6873 /* Domain.m in Sources */,
				CF2744F3193BDE160057C795 /* JOFAgentsViewController.m in Sources */,
				CF2188E7194F0B29003105D2 /* Domain+Model.m in Sources */,
				CF2744F0193BDE160057C795 /* Malometer.xcdatamodeld in Sources */,
				CF2210FF194EE35F000B30A9 /* FreakType.m in Sources */,
				CF1EF2EB1949FF7B009D2E99 /* JOFImageMapper.m in Sources */,
				CF0375F71949D9FE00D50843 /* UIImage+AgentAdjust.m in Sources */,
				CF2744F6193BDE160057C795 /* JOFAgentEditViewController.m in Sources */,
			);
			runOnlyForDeploymentPostprocessing = 0;
		};
		CF2744F9193BDE160057C795 /* Sources */ = {
			isa = PBXSourcesBuildPhase;
			buildActionMask = 2147483647;
			files = (
				CF622143195C93AC002A6402 /* JOFAppDelegateTests.m in Sources */,
				CFB42E8F195CCB6100BB3A4E /* AgentTests.m in Sources */,
				CFB42E90195CCC7200BB3A4E /* Malometer.xcdatamodeld in Sources */,
			);
			runOnlyForDeploymentPostprocessing = 0;
		};
/* End PBXSourcesBuildPhase section */

/* Begin PBXTargetDependency section */
		CF274504193BDE160057C795 /* PBXTargetDependency */ = {
			isa = PBXTargetDependency;
			target = CF2744D3193BDE160057C795 /* Malometer */;
			targetProxy = CF274503193BDE160057C795 /* PBXContainerItemProxy */;
		};
/* End PBXTargetDependency section */

/* Begin PBXVariantGroup section */
		CF2744E2193BDE160057C795 /* InfoPlist.strings */ = {
			isa = PBXVariantGroup;
			children = (
				CF2744E3193BDE160057C795 /* en */,
			);
			name = InfoPlist.strings;
			sourceTree = "<group>";
		};
		CF2744EB193BDE160057C795 /* Main.storyboard */ = {
			isa = PBXVariantGroup;
			children = (
				CF2744EC193BDE160057C795 /* Base */,
			);
			name = Main.storyboard;
			sourceTree = "<group>";
		};
		CF274508193BDE160057C795 /* InfoPlist.strings */ = {
			isa = PBXVariantGroup;
			children = (
				CF274509193BDE160057C795 /* en */,
			);
			name = InfoPlist.strings;
			sourceTree = "<group>";
		};
/* End PBXVariantGroup section */

/* Begin XCBuildConfiguration section */
		CF27450D193BDE160057C795 /* Debug */ = {
			isa = XCBuildConfiguration;
			buildSettings = {
				ALWAYS_SEARCH_USER_PATHS = NO;
				CLANG_CXX_LANGUAGE_STANDARD = "gnu++0x";
				CLANG_CXX_LIBRARY = "libc++";
				CLANG_ENABLE_MODULES = YES;
				CLANG_ENABLE_OBJC_ARC = YES;
				CLANG_WARN_BOOL_CONVERSION = YES;
				CLANG_WARN_CONSTANT_CONVERSION = YES;
				CLANG_WARN_DIRECT_OBJC_ISA_USAGE = YES_ERROR;
				CLANG_WARN_EMPTY_BODY = YES;
				CLANG_WARN_ENUM_CONVERSION = YES;
				CLANG_WARN_INT_CONVERSION = YES;
				CLANG_WARN_OBJC_ROOT_CLASS = YES_ERROR;
				CLANG_WARN__DUPLICATE_METHOD_MATCH = YES;
				"CODE_SIGN_IDENTITY[sdk=iphoneos*]" = "iPhone Developer";
				COPY_PHASE_STRIP = NO;
				GCC_C_LANGUAGE_STANDARD = gnu99;
				GCC_DYNAMIC_NO_PIC = NO;
				GCC_OPTIMIZATION_LEVEL = 0;
				GCC_PREPROCESSOR_DEFINITIONS = (
					"DEBUG=1",
					"$(inherited)",
				);
				GCC_SYMBOLS_PRIVATE_EXTERN = NO;
				GCC_WARN_64_TO_32_BIT_CONVERSION = YES;
				GCC_WARN_ABOUT_RETURN_TYPE = YES_ERROR;
				GCC_WARN_UNDECLARED_SELECTOR = YES;
				GCC_WARN_UNINITIALIZED_AUTOS = YES_AGGRESSIVE;
				GCC_WARN_UNUSED_FUNCTION = YES;
				GCC_WARN_UNUSED_VARIABLE = YES;
				IPHONEOS_DEPLOYMENT_TARGET = 7.1;
				ONLY_ACTIVE_ARCH = YES;
				SDKROOT = iphoneos;
			};
			name = Debug;
		};
		CF27450E193BDE160057C795 /* Release */ = {
			isa = XCBuildConfiguration;
			buildSettings = {
				ALWAYS_SEARCH_USER_PATHS = NO;
				CLANG_CXX_LANGUAGE_STANDARD = "gnu++0x";
				CLANG_CXX_LIBRARY = "libc++";
				CLANG_ENABLE_MODULES = YES;
				CLANG_ENABLE_OBJC_ARC = YES;
				CLANG_WARN_BOOL_CONVERSION = YES;
				CLANG_WARN_CONSTANT_CONVERSION = YES;
				CLANG_WARN_DIRECT_OBJC_ISA_USAGE = YES_ERROR;
				CLANG_WARN_EMPTY_BODY = YES;
				CLANG_WARN_ENUM_CONVERSION = YES;
				CLANG_WARN_INT_CONVERSION = YES;
				CLANG_WARN_OBJC_ROOT_CLASS = YES_ERROR;
				CLANG_WARN__DUPLICATE_METHOD_MATCH = YES;
				"CODE_SIGN_IDENTITY[sdk=iphoneos*]" = "iPhone Developer";
				COPY_PHASE_STRIP = YES;
				ENABLE_NS_ASSERTIONS = NO;
				GCC_C_LANGUAGE_STANDARD = gnu99;
				GCC_WARN_64_TO_32_BIT_CONVERSION = YES;
				GCC_WARN_ABOUT_RETURN_TYPE = YES_ERROR;
				GCC_WARN_UNDECLARED_SELECTOR = YES;
				GCC_WARN_UNINITIALIZED_AUTOS = YES_AGGRESSIVE;
				GCC_WARN_UNUSED_FUNCTION = YES;
				GCC_WARN_UNUSED_VARIABLE = YES;
				IPHONEOS_DEPLOYMENT_TARGET = 7.1;
				SDKROOT = iphoneos;
				VALIDATE_PRODUCT = YES;
			};
			name = Release;
		};
		CF274510193BDE160057C795 /* Debug */ = {
			isa = XCBuildConfiguration;
			buildSettings = {
				ASSETCATALOG_COMPILER_APPICON_NAME = AppIcon;
				ASSETCATALOG_COMPILER_LAUNCHIMAGE_NAME = LaunchImage;
				GCC_PRECOMPILE_PREFIX_HEADER = YES;
				GCC_PREFIX_HEADER = "Malometer/Malometer-Prefix.pch";
				INFOPLIST_FILE = "Malometer/Malometer-Info.plist";
				PRODUCT_NAME = "$(TARGET_NAME)";
				WRAPPER_EXTENSION = app;
			};
			name = Debug;
		};
		CF274511193BDE160057C795 /* Release */ = {
			isa = XCBuildConfiguration;
			buildSettings = {
				ASSETCATALOG_COMPILER_APPICON_NAME = AppIcon;
				ASSETCATALOG_COMPILER_LAUNCHIMAGE_NAME = LaunchImage;
				GCC_PRECOMPILE_PREFIX_HEADER = YES;
				GCC_PREFIX_HEADER = "Malometer/Malometer-Prefix.pch";
				INFOPLIST_FILE = "Malometer/Malometer-Info.plist";
				PRODUCT_NAME = "$(TARGET_NAME)";
				WRAPPER_EXTENSION = app;
			};
			name = Release;
		};
		CF274513193BDE160057C795 /* Debug */ = {
			isa = XCBuildConfiguration;
			buildSettings = {
				BUNDLE_LOADER = "$(BUILT_PRODUCTS_DIR)/Malometer.app/Malometer";
				FRAMEWORK_SEARCH_PATHS = (
					"$(SDKROOT)/Developer/Library/Frameworks",
					"$(inherited)",
					"$(DEVELOPER_FRAMEWORKS_DIR)",
				);
				GCC_PRECOMPILE_PREFIX_HEADER = YES;
				GCC_PREFIX_HEADER = "Malometer/Malometer-Prefix.pch";
				GCC_PREPROCESSOR_DEFINITIONS = (
					"DEBUG=1",
					"$(inherited)",
				);
				INFOPLIST_FILE = "MalometerTests/MalometerTests-Info.plist";
				PRODUCT_NAME = "$(TARGET_NAME)";
				TEST_HOST = "$(BUNDLE_LOADER)";
				WRAPPER_EXTENSION = xctest;
			};
			name = Debug;
		};
		CF274514193BDE160057C795 /* Release */ = {
			isa = XCBuildConfiguration;
			buildSettings = {
				BUNDLE_LOADER = "$(BUILT_PRODUCTS_DIR)/Malometer.app/Malometer";
				FRAMEWORK_SEARCH_PATHS = (
					"$(SDKROOT)/Developer/Library/Frameworks",
					"$(inherited)",
					"$(DEVELOPER_FRAMEWORKS_DIR)",
				);
				GCC_PRECOMPILE_PREFIX_HEADER = YES;
				GCC_PREFIX_HEADER = "Malometer/Malometer-Prefix.pch";
				INFOPLIST_FILE = "MalometerTests/MalometerTests-Info.plist";
				PRODUCT_NAME = "$(TARGET_NAME)";
				TEST_HOST = "$(BUNDLE_LOADER)";
				WRAPPER_EXTENSION = xctest;
			};
			name = Release;
		};
/* End XCBuildConfiguration section */

/* Begin XCConfigurationList section */
		CF2744CF193BDE160057C795 /* Build configuration list for PBXProject "Malometer" */ = {
			isa = XCConfigurationList;
			buildConfigurations = (
				CF27450D193BDE160057C795 /* Debug */,
				CF27450E193BDE160057C795 /* Release */,
			);
			defaultConfigurationIsVisible = 0;
			defaultConfigurationName = Release;
		};
		CF27450F193BDE160057C795 /* Build configuration list for PBXNativeTarget "Malometer" */ = {
			isa = XCConfigurationList;
			buildConfigurations = (
				CF274510193BDE160057C795 /* Debug */,
				CF274511193BDE160057C795 /* Release */,
			);
			defaultConfigurationIsVisible = 0;
			defaultConfigurationName = Release;
		};
		CF274512193BDE160057C795 /* Build configuration list for PBXNativeTarget "MalometerTests" */ = {
			isa = XCConfigurationList;
			buildConfigurations = (
				CF274513193BDE160057C795 /* Debug */,
				CF274514193BDE160057C795 /* Release */,
			);
			defaultConfigurationIsVisible = 0;
			defaultConfigurationName = Release;
		};
/* End XCConfigurationList section */

/* Begin XCVersionGroup section */
		CF2744EE193BDE160057C795 /* Malometer.xcdatamodeld */ = {
			isa = XCVersionGroup;
			children = (
				CF2B2FCB196003C7009ECF91 /* Malometer 1.1.0.xcdatamodel */,
				CF96385719605DD500D330BE /* Malometer2.xcdatamodel */,
				CF2744EF193BDE160057C795 /* Malometer.xcdatamodel */,
			);
			currentVersion = CF96385719605DD500D330BE /* Malometer2.xcdatamodel */;
			path = Malometer.xcdatamodeld;
			sourceTree = "<group>";
			versionGroupType = wrapper.xcdatamodel;
		};
/* End XCVersionGroup section */
	};
	rootObject = CF2744CC193BDE160057C795 /* Project object */;
}
